
Microsoft Visual Studio Solution File, Format Version 12.00
# Visual Studio Version 17
VisualStudioVersion = 17.4.33110.190
MinimumVisualStudioVersion = 10.0.40219.1
Project("{FAE04EC0-301F-11D3-BF4B-00C04F79EFBC}") = "JPB.AudioSubtitleExpander", "JPB.AudioSubtitleExpander\JPB.AudioSubtitleExpander.csproj", "{BBEA79A0-CC0C-435E-A307-E1C70BB1DE0D}"
EndProject
Global
	GlobalSection(SolutionConfigurationPlatforms) = preSolution
		Debug|Any CPU = Debug|Any CPU
		Release|Any CPU = Release|Any CPU
	EndGlobalSection
	GlobalSection(ProjectConfigurationPlatforms) = postSolution
		{BBEA79A0-CC0C-435E-A307-E1C70BB1DE0D}.Debug|Any CPU.ActiveCfg = Debug|Any CPU
		{BBEA79A0-CC0C-435E-A307-E1C70BB1DE0D}.Debug|Any CPU.Build.0 = Debug|Any CPU
		{BBEA79A0-CC0C-435E-A307-E1C70BB1DE0D}.Release|Any CPU.ActiveCfg = Release|Any CPU
		{BBEA79A0-CC0C-435E-A307-E1C70BB1DE0D}.Release|Any CPU.Build.0 = Release|Any CPU
	EndGlobalSection
	GlobalSection(SolutionProperties) = preSolution
		HideSolutionNode = FALSE
	EndGlobalSection
	GlobalSection(ExtensibilityGlobals) = postSolution
		SolutionGuid = {D14908A3-5811-4507-9C78-0F7C4E43ABAA}
	EndGlobalSection
EndGlobal
